
Microsoft Visual Studio Solution File, Format Version 12.00
# Visual Studio Version 16
VisualStudioVersion = 16.0.30320.27
MinimumVisualStudioVersion = 15.0.26124.0
Project("{2150E333-8FDC-42A3-9474-1A3956D46DE8}") = "src", "src", "{68A00377-2E8E-4557-B308-CA73F96F3194}"
EndProject
Project("{FAE04EC0-301F-11D3-BF4B-00C04F79EFBC}") = "Botwos.SerieA.Bot", "src\Botwos.SerieA.Bot\Botwos.SerieA.Bot.csproj", "{C7FA3D87-29B2-4B54-AECD-569987546E8A}"
EndProject
Project("{FAE04EC0-301F-11D3-BF4B-00C04F79EFBC}") = "Botwos.Infrastructure.Integrations", "src\Botwos.Infrastructure.Integrations\Botwos.Infrastructure.Integrations.csproj", "{8A160436-08D5-4489-8E4A-1F90F1377A23}"
EndProject
Project("{FAE04EC0-301F-11D3-BF4B-00C04F79EFBC}") = "Botwos.Infrastructure.Bot", "src\Botwos.Infrastructure.Bot\Botwos.Infrastructure.Bot.csproj", "{8F6E5C52-7C53-478D-9689-54064A9EAECA}"
EndProject
Project("{FAE04EC0-301F-11D3-BF4B-00C04F79EFBC}") = "Botwos.Weather.Bot", "src\Botwos.Weather.Bot\Botwos.Weather.Bot.csproj", "{69CF2983-FFB1-465B-B489-5CD0D61EAC02}"
EndProject
Project("{2150E333-8FDC-42A3-9474-1A3956D46DE8}") = "tests", "tests", "{0CF123CD-060E-46C5-B08C-6F640594636F}"
EndProject
Project("{FAE04EC0-301F-11D3-BF4B-00C04F79EFBC}") = "Botwos.Infrastructure.Integrations.Tests", "tests\Botwos.Infrastructure.Integrations.Tests\Botwos.Infrastructure.Integrations.Tests.csproj", "{D1EADE8B-F315-45F7-B13B-2D838579524B}"
EndProject
Project("{FAE04EC0-301F-11D3-BF4B-00C04F79EFBC}") = "Botwos.Weather.Infrastructure.Persistence", "src\Botwos.Weather.Infrastructure.Persistence\Botwos.Weather.Infrastructure.Persistence.csproj", "{F868CF53-E1E3-42D3-BC4D-7F5B7FA93292}"
EndProject
Global
	GlobalSection(SolutionConfigurationPlatforms) = preSolution
		Debug|Any CPU = Debug|Any CPU
		Debug|x64 = Debug|x64
		Debug|x86 = Debug|x86
		Release|Any CPU = Release|Any CPU
		Release|x64 = Release|x64
		Release|x86 = Release|x86
	EndGlobalSection
	GlobalSection(ProjectConfigurationPlatforms) = postSolution
		{C7FA3D87-29B2-4B54-AECD-569987546E8A}.Debug|Any CPU.ActiveCfg = Debug|Any CPU
		{C7FA3D87-29B2-4B54-AECD-569987546E8A}.Debug|Any CPU.Build.0 = Debug|Any CPU
		{C7FA3D87-29B2-4B54-AECD-569987546E8A}.Debug|x64.ActiveCfg = Debug|Any CPU
		{C7FA3D87-29B2-4B54-AECD-569987546E8A}.Debug|x64.Build.0 = Debug|Any CPU
		{C7FA3D87-29B2-4B54-AECD-569987546E8A}.Debug|x86.ActiveCfg = Debug|Any CPU
		{C7FA3D87-29B2-4B54-AECD-569987546E8A}.Debug|x86.Build.0 = Debug|Any CPU
		{C7FA3D87-29B2-4B54-AECD-569987546E8A}.Release|Any CPU.ActiveCfg = Release|Any CPU
		{C7FA3D87-29B2-4B54-AECD-569987546E8A}.Release|Any CPU.Build.0 = Release|Any CPU
		{C7FA3D87-29B2-4B54-AECD-569987546E8A}.Release|x64.ActiveCfg = Release|Any CPU
		{C7FA3D87-29B2-4B54-AECD-569987546E8A}.Release|x64.Build.0 = Release|Any CPU
		{C7FA3D87-29B2-4B54-AECD-569987546E8A}.Release|x86.ActiveCfg = Release|Any CPU
		{C7FA3D87-29B2-4B54-AECD-569987546E8A}.Release|x86.Build.0 = Release|Any CPU
		{8A160436-08D5-4489-8E4A-1F90F1377A23}.Debug|Any CPU.ActiveCfg = Debug|Any CPU
		{8A160436-08D5-4489-8E4A-1F90F1377A23}.Debug|Any CPU.Build.0 = Debug|Any CPU
		{8A160436-08D5-4489-8E4A-1F90F1377A23}.Debug|x64.ActiveCfg = Debug|Any CPU
		{8A160436-08D5-4489-8E4A-1F90F1377A23}.Debug|x64.Build.0 = Debug|Any CPU
		{8A160436-08D5-4489-8E4A-1F90F1377A23}.Debug|x86.ActiveCfg = Debug|Any CPU
		{8A160436-08D5-4489-8E4A-1F90F1377A23}.Debug|x86.Build.0 = Debug|Any CPU
		{8A160436-08D5-4489-8E4A-1F90F1377A23}.Release|Any CPU.ActiveCfg = Release|Any CPU
		{8A160436-08D5-4489-8E4A-1F90F1377A23}.Release|Any CPU.Build.0 = Release|Any CPU
		{8A160436-08D5-4489-8E4A-1F90F1377A23}.Release|x64.ActiveCfg = Release|Any CPU
		{8A160436-08D5-4489-8E4A-1F90F1377A23}.Release|x64.Build.0 = Release|Any CPU
		{8A160436-08D5-4489-8E4A-1F90F1377A23}.Release|x86.ActiveCfg = Release|Any CPU
		{8A160436-08D5-4489-8E4A-1F90F1377A23}.Release|x86.Build.0 = Release|Any CPU
		{8F6E5C52-7C53-478D-9689-54064A9EAECA}.Debug|Any CPU.ActiveCfg = Debug|Any CPU
		{8F6E5C52-7C53-478D-9689-54064A9EAECA}.Debug|Any CPU.Build.0 = Debug|Any CPU
		{8F6E5C52-7C53-478D-9689-54064A9EAECA}.Debug|x64.ActiveCfg = Debug|Any CPU
		{8F6E5C52-7C53-478D-9689-54064A9EAECA}.Debug|x64.Build.0 = Debug|Any CPU
		{8F6E5C52-7C53-478D-9689-54064A9EAECA}.Debug|x86.ActiveCfg = Debug|Any CPU
		{8F6E5C52-7C53-478D-9689-54064A9EAECA}.Debug|x86.Build.0 = Debug|Any CPU
		{8F6E5C52-7C53-478D-9689-54064A9EAECA}.Release|Any CPU.ActiveCfg = Release|Any CPU
		{8F6E5C52-7C53-478D-9689-54064A9EAECA}.Release|Any CPU.Build.0 = Release|Any CPU
		{8F6E5C52-7C53-478D-9689-54064A9EAECA}.Release|x64.ActiveCfg = Release|Any CPU
		{8F6E5C52-7C53-478D-9689-54064A9EAECA}.Release|x64.Build.0 = Release|Any CPU
		{8F6E5C52-7C53-478D-9689-54064A9EAECA}.Release|x86.ActiveCfg = Release|Any CPU
		{8F6E5C52-7C53-478D-9689-54064A9EAECA}.Release|x86.Build.0 = Release|Any CPU
		{69CF2983-FFB1-465B-B489-5CD0D61EAC02}.Debug|Any CPU.ActiveCfg = Debug|Any CPU
		{69CF2983-FFB1-465B-B489-5CD0D61EAC02}.Debug|Any CPU.Build.0 = Debug|Any CPU
		{69CF2983-FFB1-465B-B489-5CD0D61EAC02}.Debug|x64.ActiveCfg = Debug|Any CPU
		{69CF2983-FFB1-465B-B489-5CD0D61EAC02}.Debug|x64.Build.0 = Debug|Any CPU
		{69CF2983-FFB1-465B-B489-5CD0D61EAC02}.Debug|x86.ActiveCfg = Debug|Any CPU
		{69CF2983-FFB1-465B-B489-5CD0D61EAC02}.Debug|x86.Build.0 = Debug|Any CPU
		{69CF2983-FFB1-465B-B489-5CD0D61EAC02}.Release|Any CPU.ActiveCfg = Release|Any CPU
		{69CF2983-FFB1-465B-B489-5CD0D61EAC02}.Release|Any CPU.Build.0 = Release|Any CPU
		{69CF2983-FFB1-465B-B489-5CD0D61EAC02}.Release|x64.ActiveCfg = Release|Any CPU
		{69CF2983-FFB1-465B-B489-5CD0D61EAC02}.Release|x64.Build.0 = Release|Any CPU
		{69CF2983-FFB1-465B-B489-5CD0D61EAC02}.Release|x86.ActiveCfg = Release|Any CPU
		{69CF2983-FFB1-465B-B489-5CD0D61EAC02}.Release|x86.Build.0 = Release|Any CPU
		{D1EADE8B-F315-45F7-B13B-2D838579524B}.Debug|Any CPU.ActiveCfg = Debug|Any CPU
		{D1EADE8B-F315-45F7-B13B-2D838579524B}.Debug|Any CPU.Build.0 = Debug|Any CPU
		{D1EADE8B-F315-45F7-B13B-2D838579524B}.Debug|x64.ActiveCfg = Debug|Any CPU
		{D1EADE8B-F315-45F7-B13B-2D838579524B}.Debug|x64.Build.0 = Debug|Any CPU
		{D1EADE8B-F315-45F7-B13B-2D838579524B}.Debug|x86.ActiveCfg = Debug|Any CPU
		{D1EADE8B-F315-45F7-B13B-2D838579524B}.Debug|x86.Build.0 = Debug|Any CPU
		{D1EADE8B-F315-45F7-B13B-2D838579524B}.Release|Any CPU.ActiveCfg = Release|Any CPU
		{D1EADE8B-F315-45F7-B13B-2D838579524B}.Release|Any CPU.Build.0 = Release|Any CPU
		{D1EADE8B-F315-45F7-B13B-2D838579524B}.Release|x64.ActiveCfg = Release|Any CPU
		{D1EADE8B-F315-45F7-B13B-2D838579524B}.Release|x64.Build.0 = Release|Any CPU
		{D1EADE8B-F315-45F7-B13B-2D838579524B}.Release|x86.ActiveCfg = Release|Any CPU
		{D1EADE8B-F315-45F7-B13B-2D838579524B}.Release|x86.Build.0 = Release|Any CPU
		{F868CF53-E1E3-42D3-BC4D-7F5B7FA93292}.Debug|Any CPU.ActiveCfg = Debug|Any CPU
		{F868CF53-E1E3-42D3-BC4D-7F5B7FA93292}.Debug|Any CPU.Build.0 = Debug|Any CPU
		{F868CF53-E1E3-42D3-BC4D-7F5B7FA93292}.Debug|x64.ActiveCfg = Debug|Any CPU
		{F868CF53-E1E3-42D3-BC4D-7F5B7FA93292}.Debug|x64.Build.0 = Debug|Any CPU
		{F868CF53-E1E3-42D3-BC4D-7F5B7FA93292}.Debug|x86.ActiveCfg = Debug|Any CPU
		{F868CF53-E1E3-42D3-BC4D-7F5B7FA93292}.Debug|x86.Build.0 = Debug|Any CPU
		{F868CF53-E1E3-42D3-BC4D-7F5B7FA93292}.Release|Any CPU.ActiveCfg = Release|Any CPU
		{F868CF53-E1E3-42D3-BC4D-7F5B7FA93292}.Release|Any CPU.Build.0 = Release|Any CPU
		{F868CF53-E1E3-42D3-BC4D-7F5B7FA93292}.Release|x64.ActiveCfg = Release|Any CPU
		{F868CF53-E1E3-42D3-BC4D-7F5B7FA93292}.Release|x64.Build.0 = Release|Any CPU
		{F868CF53-E1E3-42D3-BC4D-7F5B7FA93292}.Release|x86.ActiveCfg = Release|Any CPU
		{F868CF53-E1E3-42D3-BC4D-7F5B7FA93292}.Release|x86.Build.0 = Release|Any CPU
	EndGlobalSection
	GlobalSection(SolutionProperties) = preSolution
		HideSolutionNode = FALSE
	EndGlobalSection
	GlobalSection(ExtensibilityGlobals) = postSolution
		SolutionGuid = {64539EB7-368B-473A-843A-31C40D9A9BB1}
	EndGlobalSection
	GlobalSection(NestedProjects) = preSolution
		{C7FA3D87-29B2-4B54-AECD-569987546E8A} = {68A00377-2E8E-4557-B308-CA73F96F3194}
		{8A160436-08D5-4489-8E4A-1F90F1377A23} = {68A00377-2E8E-4557-B308-CA73F96F3194}
		{8F6E5C52-7C53-478D-9689-54064A9EAECA} = {68A00377-2E8E-4557-B308-CA73F96F3194}
		{69CF2983-FFB1-465B-B489-5CD0D61EAC02} = {68A00377-2E8E-4557-B308-CA73F96F3194}
		{D1EADE8B-F315-45F7-B13B-2D838579524B} = {0CF123CD-060E-46C5-B08C-6F640594636F}
		{F868CF53-E1E3-42D3-BC4D-7F5B7FA93292} = {68A00377-2E8E-4557-B308-CA73F96F3194}
	EndGlobalSection
EndGlobal
